// !$*UTF8*$!
{
	archiveVersion = 1;
	classes = {
	};
	objectVersion = 50;
	objects = {

/* Begin PBXBuildFile section */
		1FCE1A56254E7B720079D6CD /* AppDelegate.swift in Sources */ = {isa = PBXBuildFile; fileRef = 1FCE1A55254E7B720079D6CD /* AppDelegate.swift */; };
		1FCE1A58254E7B720079D6CD /* SceneDelegate.swift in Sources */ = {isa = PBXBuildFile; fileRef = 1FCE1A57254E7B720079D6CD /* SceneDelegate.swift */; };
		1FCE1A5A254E7B720079D6CD /* ContentView.swift in Sources */ = {isa = PBXBuildFile; fileRef = 1FCE1A59254E7B720079D6CD /* ContentView.swift */; };
		1FCE1A5C254E7B740079D6CD /* Assets.xcassets in Resources */ = {isa = PBXBuildFile; fileRef = 1FCE1A5B254E7B740079D6CD /* Assets.xcassets */; };
		1FCE1A5F254E7B740079D6CD /* Preview Assets.xcassets in Resources */ = {isa = PBXBuildFile; fileRef = 1FCE1A5E254E7B740079D6CD /* Preview Assets.xcassets */; };
		1FCE1A62254E7B740079D6CD /* LaunchScreen.storyboard in Resources */ = {isa = PBXBuildFile; fileRef = 1FCE1A60254E7B740079D6CD /* LaunchScreen.storyboard */; };
/* End PBXBuildFile section */

/* Begin PBXFileReference section */
		1FCE1A52254E7B720079D6CD /* iVet.app */ = {isa = PBXFileReference; explicitFileType = wrapper.application; includeInIndex = 0; path = iVet.app; sourceTree = BUILT_PRODUCTS_DIR; };
		1FCE1A55254E7B720079D6CD /* AppDelegate.swift */ = {isa = PBXFileReference; lastKnownFileType = sourcecode.swift; path = AppDelegate.swift; sourceTree = "<group>"; };
		1FCE1A57254E7B720079D6CD /* SceneDelegate.swift */ = {isa = PBXFileReference; lastKnownFileType = sourcecode.swift; path = SceneDelegate.swift; sourceTree = "<group>"; };
		1FCE1A59254E7B720079D6CD /* ContentView.swift */ = {isa = PBXFileReference; lastKnownFileType = sourcecode.swift; path = ContentView.swift; sourceTree = "<group>"; };
		1FCE1A5B254E7B740079D6CD /* Assets.xcassets */ = {isa = PBXFileReference; lastKnownFileType = folder.assetcatalog; path = Assets.xcassets; sourceTree = "<group>"; };
		1FCE1A5E254E7B740079D6CD /* Preview Assets.xcassets */ = {isa = PBXFileReference; lastKnownFileType = folder.assetcatalog; path = "Preview Assets.xcassets"; sourceTree = "<group>"; };
		1FCE1A61254E7B740079D6CD /* Base */ = {isa = PBXFileReference; lastKnownFileType = file.storyboard; name = Base; path = Base.lproj/LaunchScreen.storyboard; sourceTree = "<group>"; };
		1FCE1A63254E7B740079D6CD /* Info.plist */ = {isa = PBXFileReference; lastKnownFileType = text.plist.xml; path = Info.plist; sourceTree = "<group>"; };
/* End PBXFileReference section */

/* Begin PBXFrameworksBuildPhase section */
		1FCE1A4F254E7B720079D6CD /* Frameworks */ = {
			isa = PBXFrameworksBuildPhase;
			buildActionMask = 2147483647;
			files = (
			);
			runOnlyForDeploymentPostprocessing = 0;
		};
/* End PBXFrameworksBuildPhase section */

/* Begin PBXGroup section */
		1FCE1A49254E7B720079D6CD = {
			isa = PBXGroup;
			children = (
				1FCE1A54254E7B720079D6CD /* iVet */,
				1FCE1A53254E7B720079D6CD /* Products */,
			);
			sourceTree = "<group>";
		};
		1FCE1A53254E7B720079D6CD /* Products */ = {
			isa = PBXGroup;
			children = (
				1FCE1A52254E7B720079D6CD /* iVet.app */,
			);
			name = Products;
			sourceTree = "<group>";
		};
		1FCE1A54254E7B720079D6CD /* iVet */ = {
			isa = PBXGroup;
			children = (
				1FCE1A55254E7B720079D6CD /* AppDelegate.swift */,
				1FCE1A57254E7B720079D6CD /* SceneDelegate.swift */,
				1FCE1A59254E7B720079D6CD /* ContentView.swift */,
				1FCE1A5B254E7B740079D6CD /* Assets.xcassets */,
				1FCE1A60254E7B740079D6CD /* LaunchScreen.storyboard */,
				1FCE1A63254E7B740079D6CD /* Info.plist */,
				1FCE1A5D254E7B740079D6CD /* Preview Content */,
			);
			path = iVet;
			sourceTree = "<group>";
		};
		1FCE1A5D254E7B740079D6CD /* Preview Content */ = {
			isa = PBXGroup;
			children = (
				1FCE1A5E254E7B740079D6CD /* Preview Assets.xcassets */,
			);
			path = "Preview Content";
			sourceTree = "<group>";
		};
/* End PBXGroup section */

/* Begin PBXNativeTarget section */
		1FCE1A51254E7B720079D6CD /* iVet */ = {
			isa = PBXNativeTarget;
			buildConfigurationList = 1FCE1A66254E7B740079D6CD /* Build configuration list for PBXNativeTarget "iVet" */;
			buildPhases = (
				1FCE1A4E254E7B720079D6CD /* Sources */,
				1FCE1A4F254E7B720079D6CD /* Frameworks */,
				1FCE1A50254E7B720079D6CD /* Resources */,
			);
			buildRules = (
			);
			dependencies = (
			);
			name = iVet;
			productName = iVet;
			productReference = 1FCE1A52254E7B720079D6CD /* iVet.app */;
			productType = "com.apple.product-type.application";
		};
/* End PBXNativeTarget section */

/* Begin PBXProject section */
		1FCE1A4A254E7B720079D6CD /* Project object */ = {
			isa = PBXProject;
			attributes = {
				LastSwiftUpdateCheck = 1150;
				LastUpgradeCheck = 1150;
				ORGANIZATIONNAME = "shaikha aljenaidel";
				TargetAttributes = {
					1FCE1A51254E7B720079D6CD = {
						CreatedOnToolsVersion = 11.5;
					};
				};
			};
			buildConfigurationList = 1FCE1A4D254E7B720079D6CD /* Build configuration list for PBXProject "iVet" */;
			compatibilityVersion = "Xcode 9.3";
			developmentRegion = en;
			hasScannedForEncodings = 0;
			knownRegions = (
				en,
				Base,
			);
			mainGroup = 1FCE1A49254E7B720079D6CD;
			productRefGroup = 1FCE1A53254E7B720079D6CD /* Products */;
			projectDirPath = "";
			projectRoot = "";
			targets = (
				1FCE1A51254E7B720079D6CD /* iVet */,
			);
		};
/* End PBXProject section */

/* Begin PBXResourcesBuildPhase section */
		1FCE1A50254E7B720079D6CD /* Resources */ = {
			isa = PBXResourcesBuildPhase;
			buildActionMask = 2147483647;
			files = (
				1FCE1A62254E7B740079D6CD /* LaunchScreen.storyboard in Resources */,
				1FCE1A5F254E7B740079D6CD /* Preview Assets.xcassets in Resources */,
				1FCE1A5C254E7B740079D6CD /* Assets.xcassets in Resources */,
			);
			runOnlyForDeploymentPostprocessing = 0;
		};
/* End PBXResourcesBuildPhase section */

/* Begin PBXSourcesBuildPhase section */
		1FCE1A4E254E7B720079D6CD /* Sources */ = {
			isa = PBXSourcesBuildPhase;
			buildActionMask = 2147483647;
			files = (
				1FCE1A56254E7B720079D6CD /* AppDelegate.swift in Sources */,
				1FCE1A58254E7B720079D6CD /* SceneDelegate.swift in Sources */,
				1FCE1A5A254E7B720079D6CD /* ContentView.swift in Sources */,
			);
			runOnlyForDeploymentPostprocessing = 0;
		};
/* End PBXSourcesBuildPhase section */

/* Begin PBXVariantGroup section */
		1FCE1A60254E7B740079D6CD /* LaunchScreen.storyboard */ = {
			isa = PBXVariantGroup;
			children = (
				1FCE1A61254E7B740079D6CD /* Base */,
			);
			name = LaunchScreen.storyboard;
			sourceTree = "<group>";
		};
/* End PBXVariantGroup section */

/* Begin XCBuildConfiguration section */
		1FCE1A64254E7B740079D6CD /* Debug */ = {
			isa = XCBuildConfiguration;
			buildSettings = {
				ALWAYS_SEARCH_USER_PATHS = NO;
				CLANG_ANALYZER_NONNULL = YES;
				CLANG_ANALYZER_NUMBER_OBJECT_CONVERSION = YES_AGGRESSIVE;
				CLANG_CXX_LANGUAGE_STANDARD = "gnu++14";
				CLANG_CXX_LIBRARY = "libc++";
				CLANG_ENABLE_MODULES = YES;
				CLANG_ENABLE_OBJC_ARC = YES;
				CLANG_ENABLE_OBJC_WEAK = YES;
				CLANG_WARN_BLOCK_CAPTURE_AUTORELEASING = YES;
				CLANG_WARN_BOOL_CONVERSION = YES;
				CLANG_WARN_COMMA = YES;
				CLANG_WARN_CONSTANT_CONVERSION = YES;
				CLANG_WARN_DEPRECATED_OBJC_IMPLEMENTATIONS = YES;
				CLANG_WARN_DIRECT_OBJC_ISA_USAGE = YES_ERROR;
				CLANG_WARN_DOCUMENTATION_COMMENTS = YES;
				CLANG_WARN_EMPTY_BODY = YES;
				CLANG_WARN_ENUM_CONVERSION = YES;
				CLANG_WARN_INFINITE_RECURSION = YES;
				CLANG_WARN_INT_CONVERSION = YES;
				CLANG_WARN_NON_LITERAL_NULL_CONVERSION = YES;
				CLANG_WARN_OBJC_IMPLICIT_RETAIN_SELF = YES;
				CLANG_WARN_OBJC_LITERAL_CONVERSION = YES;
				CLANG_WARN_OBJC_ROOT_CLASS = YES_ERROR;
				CLANG_WARN_RANGE_LOOP_ANALYSIS = YES;
				CLANG_WARN_STRICT_PROTOTYPES = YES;
				CLANG_WARN_SUSPICIOUS_MOVE = YES;
				CLANG_WARN_UNGUARDED_AVAILABILITY = YES_AGGRESSIVE;
				CLANG_WARN_UNREACHABLE_CODE = YES;
				CLANG_WARN__DUPLICATE_METHOD_MATCH = YES;
				COPY_PHASE_STRIP = NO;
				DEBUG_INFORMATION_FORMAT = dwarf;
				ENABLE_STRICT_OBJC_MSGSEND = YES;
				ENABLE_TESTABILITY = YES;
				GCC_C_LANGUAGE_STANDARD = gnu11;
				GCC_DYNAMIC_NO_PIC = NO;
				GCC_NO_COMMON_BLOCKS = YES;
				GCC_OPTIMIZATION_LEVEL = 0;
				GCC_PREPROCESSOR_DEFINITIONS = (
					"DEBUG=1",
					"$(inherited)",
				);
				GCC_WARN_64_TO_32_BIT_CONVERSION = YES;
				GCC_WARN_ABOUT_RETURN_TYPE = YES_ERROR;
				GCC_WARN_UNDECLARED_SELECTOR = YES;
				GCC_WARN_UNINITIALIZED_AUTOS = YES_AGGRESSIVE;
				GCC_WARN_UNUSED_FUNCTION = YES;
				GCC_WARN_UNUSED_VARIABLE = YES;
				IPHONEOS_DEPLOYMENT_TARGET = 13.5;
				MTL_ENABLE_DEBUG_INFO = INCLUDE_SOURCE;
				MTL_FAST_MATH = YES;
				ONLY_ACTIVE_ARCH = YES;
				SDKROOT = iphoneos;
				SWIFT_ACTIVE_COMPILATION_CONDITIONS = DEBUG;
				SWIFT_OPTIMIZATION_LEVEL = "-Onone";
			};
			name = Debug;
		};
		1FCE1A65254E7B740079D6CD /* Release */ = {
			isa = XCBuildConfiguration;
			buildSettings = {
				ALWAYS_SEARCH_USER_PATHS = NO;
				CLANG_ANALYZER_NONNULL = YES;
				CLANG_ANALYZER_NUMBER_OBJECT_CONVERSION = YES_AGGRESSIVE;
				CLANG_CXX_LANGUAGE_STANDARD = "gnu++14";
				CLANG_CXX_LIBRARY = "libc++";
				CLANG_ENABLE_MODULES = YES;
				CLANG_ENABLE_OBJC_ARC = YES;
				CLANG_ENABLE_OBJC_WEAK = YES;
				CLANG_WARN_BLOCK_CAPTURE_AUTORELEASING = YES;
				CLANG_WARN_BOOL_CONVERSION = YES;
				CLANG_WARN_COMMA = YES;
				CLANG_WARN_CONSTANT_CONVERSION = YES;
				CLANG_WARN_DEPRECATED_OBJC_IMPLEMENTATIONS = YES;
				CLANG_WARN_DIRECT_OBJC_ISA_USAGE = YES_ERROR;
				CLANG_WARN_DOCUMENTATION_COMMENTS = YES;
				CLANG_WARN_EMPTY_BODY = YES;
				CLANG_WARN_ENUM_CONVERSION = YES;
				CLANG_WARN_INFINITE_RECURSION = YES;
				CLANG_WARN_INT_CONVERSION = YES;
				CLANG_WARN_NON_LITERAL_NULL_CONVERSION = YES;
				CLANG_WARN_OBJC_IMPLICIT_RETAIN_SELF = YES;
				CLANG_WARN_OBJC_LITERAL_CONVERSION = YES;
				CLANG_WARN_OBJC_ROOT_CLASS = YES_ERROR;
				CLANG_WARN_RANGE_LOOP_ANALYSIS = YES;
				CLANG_WARN_STRICT_PROTOTYPES = YES;
				CLANG_WARN_SUSPICIOUS_MOVE = YES;
				CLANG_WARN_UNGUARDED_AVAILABILITY = YES_AGGRESSIVE;
				CLANG_WARN_UNREACHABLE_CODE = YES;
				CLANG_WARN__DUPLICATE_METHOD_MATCH = YES;
				COPY_PHASE_STRIP = NO;
				DEBUG_INFORMATION_FORMAT = "dwarf-with-dsym";
				ENABLE_NS_ASSERTIONS = NO;
				ENABLE_STRICT_OBJC_MSGSEND = YES;
				GCC_C_LANGUAGE_STANDARD = gnu11;
				GCC_NO_COMMON_BLOCKS = YES;
				GCC_WARN_64_TO_32_BIT_CONVERSION = YES;
				GCC_WARN_ABOUT_RETURN_TYPE = YES_ERROR;
				GCC_WARN_UNDECLARED_SELECTOR = YES;
				GCC_WARN_UNINITIALIZED_AUTOS = YES_AGGRESSIVE;
				GCC_WARN_UNUSED_FUNCTION = YES;
				GCC_WARN_UNUSED_VARIABLE = YES;
				IPHONEOS_DEPLOYMENT_TARGET = 13.5;
				MTL_ENABLE_DEBUG_INFO = NO;
				MTL_FAST_MATH = YES;
				SDKROOT = iphoneos;
				SWIFT_COMPILATION_MODE = wholemodule;
				SWIFT_OPTIMIZATION_LEVEL = "-O";
				VALIDATE_PRODUCT = YES;
			};
			name = Release;
		};
		1FCE1A67254E7B740079D6CD /* Debug */ = {
			isa = XCBuildConfiguration;
			buildSettings = {
				ASSETCATALOG_COMPILER_APPICON_NAME = AppIcon;
				CODE_SIGN_STYLE = Automatic;
				DEVELOPMENT_ASSET_PATHS = "\"iVet/Preview Content\"";
				DEVELOPMENT_TEAM = XF66VVD4LB;
				ENABLE_PREVIEWS = YES;
				INFOPLIST_FILE = iVet/Info.plist;
				LD_RUNPATH_SEARCH_PATHS = (
					"$(inherited)",
					"@executable_path/Frameworks",
				);
				PRODUCT_BUNDLE_IDENTIFIER = com.SHAIKHA.iVet;
				PRODUCT_NAME = "$(TARGET_NAME)";
				SWIFT_VERSION = 5.0;
				TARGETED_DEVICE_FAMILY = "1,2";
			};
			name = Debug;
		};
		1FCE1A68254E7B740079D6CD /* Release */ = {
			isa = XCBuildConfiguration;
			buildSettings = {
				ASSETCATALOG_COMPILER_APPICON_NAME = AppIcon;
				CODE_SIGN_STYLE = Automatic;
				DEVELOPMENT_ASSET_PATHS = "\"iVet/Preview Content\"";
				DEVELOPMENT_TEAM = XF66VVD4LB;
				ENABLE_PREVIEWS = YES;
				INFOPLIST_FILE = iVet/Info.plist;
				LD_RUNPATH_SEARCH_PATHS = (
					"$(inherited)",
					"@executable_path/Frameworks",
				);
				PRODUCT_BUNDLE_IDENTIFIER = com.SHAIKHA.iVet;
				PRODUCT_NAME = "$(TARGET_NAME)";
				SWIFT_VERSION = 5.0;
				TARGETED_DEVICE_FAMILY = "1,2";
			};
			name = Release;
		};
/* End XCBuildConfiguration section */

/* Begin XCConfigurationList section */
		1FCE1A4D254E7B720079D6CD /* Build configuration list for PBXProject "iVet" */ = {
			isa = XCConfigurationList;
			buildConfigurations = (
				1FCE1A64254E7B740079D6CD /* Debug */,
				1FCE1A65254E7B740079D6CD /* Release */,
			);
			defaultConfigurationIsVisible = 0;
			defaultConfigurationName = Release;
		};
		1FCE1A66254E7B740079D6CD /* Build configuration list for PBXNativeTarget "iVet" */ = {
			isa = XCConfigurationList;
			buildConfigurations = (
				1FCE1A67254E7B740079D6CD /* Debug */,
				1FCE1A68254E7B740079D6CD /* Release */,
			);
			defaultConfigurationIsVisible = 0;
			defaultConfigurationName = Release;
		};
/* End XCConfigurationList section */
	};
	rootObject = 1FCE1A4A254E7B720079D6CD /* Project object */;
}
